
Microsoft Visual Studio Solution File, Format Version 12.00
# Visual Studio Version 16
VisualStudioVersion = 16.0.31729.503
MinimumVisualStudioVersion = 10.0.40219.1
Project("{2150E333-8FDC-42A3-9474-1A3956D46DE8}") = "Core", "Core", "{B3F28DD4-5DF0-4105-9403-6753DB1D1D84}"
EndProject
Project("{2150E333-8FDC-42A3-9474-1A3956D46DE8}") = "Infrastructure", "Infrastructure", "{2774EF8B-B5D5-4DC5-8498-FEF34E130B06}"
EndProject
Project("{2150E333-8FDC-42A3-9474-1A3956D46DE8}") = "WebUI", "WebUI", "{F61E846C-819E-4D2E-B4D2-1EF941E44E1C}"
EndProject
Project("{FAE04EC0-301F-11D3-BF4B-00C04F79EFBC}") = "CleanArchitecture.Domain", "CleanArchitecture.Domain\CleanArchitecture.Domain.csproj", "{6D2DA2D8-D0EE-4BBD-9A82-F879F12891B2}"
EndProject
Project("{FAE04EC0-301F-11D3-BF4B-00C04F79EFBC}") = "CleanArchitecture.Application", "CleanArchitecture.Application\CleanArchitecture.Application.csproj", "{6EBD370E-A130-4AB3-8CA8-492564883E6B}"
EndProject
Project("{FAE04EC0-301F-11D3-BF4B-00C04F79EFBC}") = "CleanArchitecture.Infra.Data", "CleanArchitecture.Infra.Data\CleanArchitecture.Infra.Data.csproj", "{64946A6E-3AD6-445B-B6DE-D4B8A7E10E9B}"
EndProject
Project("{FAE04EC0-301F-11D3-BF4B-00C04F79EFBC}") = "CleanArchitecture.Infra.CrossCutting", "CleanArchitecture.Infra.CrossCutting\CleanArchitecture.Infra.CrossCutting.csproj", "{34A1BE3C-9BC2-4454-99AF-CC198AF3EE2A}"
EndProject
Project("{FAE04EC0-301F-11D3-BF4B-00C04F79EFBC}") = "CleanArchitecture.Mvc.WebUI", "CleanArchitecture.Mvc.WebUI\CleanArchitecture.Mvc.WebUI.csproj", "{78F66375-87E5-496E-84E5-6C471B627DF0}"
EndProject
Project("{2150E333-8FDC-42A3-9474-1A3956D46DE8}") = "Solution Items", "Solution Items", "{3F850EFF-5386-4CEC-824D-780905014EC3}"
	ProjectSection(SolutionItems) = preProject
		.editorconfig = .editorconfig
	EndProjectSection
EndProject
Project("{FAE04EC0-301F-11D3-BF4B-00C04F79EFBC}") = "TesteCleanArchitecture", "TesteCleanArchitecture\TesteCleanArchitecture.csproj", "{60014120-9DE7-41F0-B84D-AB506B11C12D}"
EndProject
Global
	GlobalSection(SolutionConfigurationPlatforms) = preSolution
		Debug|Any CPU = Debug|Any CPU
		Release|Any CPU = Release|Any CPU
	EndGlobalSection
	GlobalSection(ProjectConfigurationPlatforms) = postSolution
		{6D2DA2D8-D0EE-4BBD-9A82-F879F12891B2}.Debug|Any CPU.ActiveCfg = Debug|Any CPU
		{6D2DA2D8-D0EE-4BBD-9A82-F879F12891B2}.Debug|Any CPU.Build.0 = Debug|Any CPU
		{6D2DA2D8-D0EE-4BBD-9A82-F879F12891B2}.Release|Any CPU.ActiveCfg = Release|Any CPU
		{6D2DA2D8-D0EE-4BBD-9A82-F879F12891B2}.Release|Any CPU.Build.0 = Release|Any CPU
		{6EBD370E-A130-4AB3-8CA8-492564883E6B}.Debug|Any CPU.ActiveCfg = Debug|Any CPU
		{6EBD370E-A130-4AB3-8CA8-492564883E6B}.Debug|Any CPU.Build.0 = Debug|Any CPU
		{6EBD370E-A130-4AB3-8CA8-492564883E6B}.Release|Any CPU.ActiveCfg = Release|Any CPU
		{6EBD370E-A130-4AB3-8CA8-492564883E6B}.Release|Any CPU.Build.0 = Release|Any CPU
		{64946A6E-3AD6-445B-B6DE-D4B8A7E10E9B}.Debug|Any CPU.ActiveCfg = Debug|Any CPU
		{64946A6E-3AD6-445B-B6DE-D4B8A7E10E9B}.Debug|Any CPU.Build.0 = Debug|Any CPU
		{64946A6E-3AD6-445B-B6DE-D4B8A7E10E9B}.Release|Any CPU.ActiveCfg = Release|Any CPU
		{64946A6E-3AD6-445B-B6DE-D4B8A7E10E9B}.Release|Any CPU.Build.0 = Release|Any CPU
		{34A1BE3C-9BC2-4454-99AF-CC198AF3EE2A}.Debug|Any CPU.ActiveCfg = Debug|Any CPU
		{34A1BE3C-9BC2-4454-99AF-CC198AF3EE2A}.Debug|Any CPU.Build.0 = Debug|Any CPU
		{34A1BE3C-9BC2-4454-99AF-CC198AF3EE2A}.Release|Any CPU.ActiveCfg = Release|Any CPU
		{34A1BE3C-9BC2-4454-99AF-CC198AF3EE2A}.Release|Any CPU.Build.0 = Release|Any CPU
		{78F66375-87E5-496E-84E5-6C471B627DF0}.Debug|Any CPU.ActiveCfg = Debug|Any CPU
		{78F66375-87E5-496E-84E5-6C471B627DF0}.Debug|Any CPU.Build.0 = Debug|Any CPU
		{78F66375-87E5-496E-84E5-6C471B627DF0}.Release|Any CPU.ActiveCfg = Release|Any CPU
		{78F66375-87E5-496E-84E5-6C471B627DF0}.Release|Any CPU.Build.0 = Release|Any CPU
		{60014120-9DE7-41F0-B84D-AB506B11C12D}.Debug|Any CPU.ActiveCfg = Debug|Any CPU
		{60014120-9DE7-41F0-B84D-AB506B11C12D}.Debug|Any CPU.Build.0 = Debug|Any CPU
		{60014120-9DE7-41F0-B84D-AB506B11C12D}.Release|Any CPU.ActiveCfg = Release|Any CPU
		{60014120-9DE7-41F0-B84D-AB506B11C12D}.Release|Any CPU.Build.0 = Release|Any CPU
	EndGlobalSection
	GlobalSection(SolutionProperties) = preSolution
		HideSolutionNode = FALSE
	EndGlobalSection
	GlobalSection(NestedProjects) = preSolution
		{6D2DA2D8-D0EE-4BBD-9A82-F879F12891B2} = {B3F28DD4-5DF0-4105-9403-6753DB1D1D84}
		{6EBD370E-A130-4AB3-8CA8-492564883E6B} = {B3F28DD4-5DF0-4105-9403-6753DB1D1D84}
		{64946A6E-3AD6-445B-B6DE-D4B8A7E10E9B} = {2774EF8B-B5D5-4DC5-8498-FEF34E130B06}
		{34A1BE3C-9BC2-4454-99AF-CC198AF3EE2A} = {2774EF8B-B5D5-4DC5-8498-FEF34E130B06}
		{78F66375-87E5-496E-84E5-6C471B627DF0} = {F61E846C-819E-4D2E-B4D2-1EF941E44E1C}
	EndGlobalSection
	GlobalSection(ExtensibilityGlobals) = postSolution
		SolutionGuid = {A2E51C2C-CECA-4A55-847E-1FAFED0C7366}
	EndGlobalSection
EndGlobal
